// !$*UTF8*$!
{
	archiveVersion = 1;
	classes = {
	};
	objectVersion = 50;
	objects = {

/* Begin PBXBuildFile section */
		20805255241C73D300FE01B7 /* AppDelegate.swift in Sources */ = {isa = PBXBuildFile; fileRef = 20805254241C73D300FE01B7 /* AppDelegate.swift */; };
		20805257241C73D300FE01B7 /* SceneDelegate.swift in Sources */ = {isa = PBXBuildFile; fileRef = 20805256241C73D300FE01B7 /* SceneDelegate.swift */; };
		20805259241C73D300FE01B7 /* ViewController.swift in Sources */ = {isa = PBXBuildFile; fileRef = 20805258241C73D300FE01B7 /* ViewController.swift */; };
		2080525C241C73D300FE01B7 /* Main.storyboard in Resources */ = {isa = PBXBuildFile; fileRef = 2080525A241C73D300FE01B7 /* Main.storyboard */; };
		2080525E241C73D500FE01B7 /* Assets.xcassets in Resources */ = {isa = PBXBuildFile; fileRef = 2080525D241C73D500FE01B7 /* Assets.xcassets */; };
		20805261241C73D500FE01B7 /* LaunchScreen.storyboard in Resources */ = {isa = PBXBuildFile; fileRef = 2080525F241C73D500FE01B7 /* LaunchScreen.storyboard */; };
		2080526C241C73D500FE01B7 /* ParstagramTests.swift in Sources */ = {isa = PBXBuildFile; fileRef = 2080526B241C73D500FE01B7 /* ParstagramTests.swift */; };
		20805277241C73D500FE01B7 /* ParstagramUITests.swift in Sources */ = {isa = PBXBuildFile; fileRef = 20805276241C73D500FE01B7 /* ParstagramUITests.swift */; };
/* End PBXBuildFile section */

/* Begin PBXContainerItemProxy section */
		20805268241C73D500FE01B7 /* PBXContainerItemProxy */ = {
			isa = PBXContainerItemProxy;
			containerPortal = 20805249241C73D300FE01B7 /* Project object */;
			proxyType = 1;
			remoteGlobalIDString = 20805250241C73D300FE01B7;
			remoteInfo = Parstagram;
		};
		20805273241C73D500FE01B7 /* PBXContainerItemProxy */ = {
			isa = PBXContainerItemProxy;
			containerPortal = 20805249241C73D300FE01B7 /* Project object */;
			proxyType = 1;
			remoteGlobalIDString = 20805250241C73D300FE01B7;
			remoteInfo = Parstagram;
		};
/* End PBXContainerItemProxy section */

/* Begin PBXFileReference section */
		20805251241C73D300FE01B7 /* Parstagram.app */ = {isa = PBXFileReference; explicitFileType = wrapper.application; includeInIndex = 0; path = Parstagram.app; sourceTree = BUILT_PRODUCTS_DIR; };
		20805254241C73D300FE01B7 /* AppDelegate.swift */ = {isa = PBXFileReference; lastKnownFileType = sourcecode.swift; path = AppDelegate.swift; sourceTree = "<group>"; };
		20805256241C73D300FE01B7 /* SceneDelegate.swift */ = {isa = PBXFileReference; lastKnownFileType = sourcecode.swift; path = SceneDelegate.swift; sourceTree = "<group>"; };
		20805258241C73D300FE01B7 /* ViewController.swift */ = {isa = PBXFileReference; lastKnownFileType = sourcecode.swift; path = ViewController.swift; sourceTree = "<group>"; };
		2080525B241C73D300FE01B7 /* Base */ = {isa = PBXFileReference; lastKnownFileType = file.storyboard; name = Base; path = Base.lproj/Main.storyboard; sourceTree = "<group>"; };
		2080525D241C73D500FE01B7 /* Assets.xcassets */ = {isa = PBXFileReference; lastKnownFileType = folder.assetcatalog; path = Assets.xcassets; sourceTree = "<group>"; };
		20805260241C73D500FE01B7 /* Base */ = {isa = PBXFileReference; lastKnownFileType = file.storyboard; name = Base; path = Base.lproj/LaunchScreen.storyboard; sourceTree = "<group>"; };
		20805262241C73D500FE01B7 /* Info.plist */ = {isa = PBXFileReference; lastKnownFileType = text.plist.xml; path = Info.plist; sourceTree = "<group>"; };
		20805267241C73D500FE01B7 /* ParstagramTests.xctest */ = {isa = PBXFileReference; explicitFileType = wrapper.cfbundle; includeInIndex = 0; path = ParstagramTests.xctest; sourceTree = BUILT_PRODUCTS_DIR; };
		2080526B241C73D500FE01B7 /* ParstagramTests.swift */ = {isa = PBXFileReference; lastKnownFileType = sourcecode.swift; path = ParstagramTests.swift; sourceTree = "<group>"; };
		2080526D241C73D500FE01B7 /* Info.plist */ = {isa = PBXFileReference; lastKnownFileType = text.plist.xml; path = Info.plist; sourceTree = "<group>"; };
		20805272241C73D500FE01B7 /* ParstagramUITests.xctest */ = {isa = PBXFileReference; explicitFileType = wrapper.cfbundle; includeInIndex = 0; path = ParstagramUITests.xctest; sourceTree = BUILT_PRODUCTS_DIR; };
		20805276241C73D500FE01B7 /* ParstagramUITests.swift */ = {isa = PBXFileReference; lastKnownFileType = sourcecode.swift; path = ParstagramUITests.swift; sourceTree = "<group>"; };
		20805278241C73D500FE01B7 /* Info.plist */ = {isa = PBXFileReference; lastKnownFileType = text.plist.xml; path = Info.plist; sourceTree = "<group>"; };
/* End PBXFileReference section */

/* Begin PBXFrameworksBuildPhase section */
		2080524E241C73D300FE01B7 /* Frameworks */ = {
			isa = PBXFrameworksBuildPhase;
			buildActionMask = 2147483647;
			files = (
			);
			runOnlyForDeploymentPostprocessing = 0;
		};
		20805264241C73D500FE01B7 /* Frameworks */ = {
			isa = PBXFrameworksBuildPhase;
			buildActionMask = 2147483647;
			files = (
			);
			runOnlyForDeploymentPostprocessing = 0;
		};
		2080526F241C73D500FE01B7 /* Frameworks */ = {
			isa = PBXFrameworksBuildPhase;
			buildActionMask = 2147483647;
			files = (
			);
			runOnlyForDeploymentPostprocessing = 0;
		};
/* End PBXFrameworksBuildPhase section */

/* Begin PBXGroup section */
		20805248241C73D300FE01B7 = {
			isa = PBXGroup;
			children = (
				20805253241C73D300FE01B7 /* Parstagram */,
				2080526A241C73D500FE01B7 /* ParstagramTests */,
				20805275241C73D500FE01B7 /* ParstagramUITests */,
				20805252241C73D300FE01B7 /* Products */,
			);
			sourceTree = "<group>";
		};
		20805252241C73D300FE01B7 /* Products */ = {
			isa = PBXGroup;
			children = (
				20805251241C73D300FE01B7 /* Parstagram.app */,
				20805267241C73D500FE01B7 /* ParstagramTests.xctest */,
				20805272241C73D500FE01B7 /* ParstagramUITests.xctest */,
			);
			name = Products;
			sourceTree = "<group>";
		};
		20805253241C73D300FE01B7 /* Parstagram */ = {
			isa = PBXGroup;
			children = (
				20805254241C73D300FE01B7 /* AppDelegate.swift */,
				20805256241C73D300FE01B7 /* SceneDelegate.swift */,
				20805258241C73D300FE01B7 /* ViewController.swift */,
				2080525A241C73D300FE01B7 /* Main.storyboard */,
				2080525D241C73D500FE01B7 /* Assets.xcassets */,
				2080525F241C73D500FE01B7 /* LaunchScreen.storyboard */,
				20805262241C73D500FE01B7 /* Info.plist */,
			);
			path = Parstagram;
			sourceTree = "<group>";
		};
		2080526A241C73D500FE01B7 /* ParstagramTests */ = {
			isa = PBXGroup;
			children = (
				2080526B241C73D500FE01B7 /* ParstagramTests.swift */,
				2080526D241C73D500FE01B7 /* Info.plist */,
			);
			path = ParstagramTests;
			sourceTree = "<group>";
		};
		20805275241C73D500FE01B7 /* ParstagramUITests */ = {
			isa = PBXGroup;
			children = (
				20805276241C73D500FE01B7 /* ParstagramUITests.swift */,
				20805278241C73D500FE01B7 /* Info.plist */,
			);
			path = ParstagramUITests;
			sourceTree = "<group>";
		};
/* End PBXGroup section */

/* Begin PBXNativeTarget section */
		20805250241C73D300FE01B7 /* Parstagram */ = {
			isa = PBXNativeTarget;
			buildConfigurationList = 2080527B241C73D500FE01B7 /* Build configuration list for PBXNativeTarget "Parstagram" */;
			buildPhases = (
				2080524D241C73D300FE01B7 /* Sources */,
				2080524E241C73D300FE01B7 /* Frameworks */,
				2080524F241C73D300FE01B7 /* Resources */,
			);
			buildRules = (
			);
			dependencies = (
			);
			name = Parstagram;
			productName = Parstagram;
			productReference = 20805251241C73D300FE01B7 /* Parstagram.app */;
			productType = "com.apple.product-type.application";
		};
		20805266241C73D500FE01B7 /* ParstagramTests */ = {
			isa = PBXNativeTarget;
			buildConfigurationList = 2080527E241C73D500FE01B7 /* Build configuration list for PBXNativeTarget "ParstagramTests" */;
			buildPhases = (
				20805263241C73D500FE01B7 /* Sources */,
				20805264241C73D500FE01B7 /* Frameworks */,
				20805265241C73D500FE01B7 /* Resources */,
			);
			buildRules = (
			);
			dependencies = (
				20805269241C73D500FE01B7 /* PBXTargetDependency */,
			);
			name = ParstagramTests;
			productName = ParstagramTests;
			productReference = 20805267241C73D500FE01B7 /* ParstagramTests.xctest */;
			productType = "com.apple.product-type.bundle.unit-test";
		};
		20805271241C73D500FE01B7 /* ParstagramUITests */ = {
			isa = PBXNativeTarget;
			buildConfigurationList = 20805281241C73D500FE01B7 /* Build configuration list for PBXNativeTarget "ParstagramUITests" */;
			buildPhases = (
				2080526E241C73D500FE01B7 /* Sources */,
				2080526F241C73D500FE01B7 /* Frameworks */,
				20805270241C73D500FE01B7 /* Resources */,
			);
			buildRules = (
			);
			dependencies = (
				20805274241C73D500FE01B7 /* PBXTargetDependency */,
			);
			name = ParstagramUITests;
			productName = ParstagramUITests;
			productReference = 20805272241C73D500FE01B7 /* ParstagramUITests.xctest */;
			productType = "com.apple.product-type.bundle.ui-testing";
		};
/* End PBXNativeTarget section */

/* Begin PBXProject section */
		20805249241C73D300FE01B7 /* Project object */ = {
			isa = PBXProject;
			attributes = {
				LastSwiftUpdateCheck = 1130;
				LastUpgradeCheck = 1130;
				ORGANIZATIONNAME = Yiheng;
				TargetAttributes = {
					20805250241C73D300FE01B7 = {
						CreatedOnToolsVersion = 11.3.1;
					};
					20805266241C73D500FE01B7 = {
						CreatedOnToolsVersion = 11.3.1;
						TestTargetID = 20805250241C73D300FE01B7;
					};
					20805271241C73D500FE01B7 = {
						CreatedOnToolsVersion = 11.3.1;
						TestTargetID = 20805250241C73D300FE01B7;
					};
				};
			};
			buildConfigurationList = 2080524C241C73D300FE01B7 /* Build configuration list for PBXProject "Parstagram" */;
			compatibilityVersion = "Xcode 9.3";
			developmentRegion = en;
			hasScannedForEncodings = 0;
			knownRegions = (
				en,
				Base,
			);
			mainGroup = 20805248241C73D300FE01B7;
			productRefGroup = 20805252241C73D300FE01B7 /* Products */;
			projectDirPath = "";
			projectRoot = "";
			targets = (
				20805250241C73D300FE01B7 /* Parstagram */,
				20805266241C73D500FE01B7 /* ParstagramTests */,
				20805271241C73D500FE01B7 /* ParstagramUITests */,
			);
		};
/* End PBXProject section */

/* Begin PBXResourcesBuildPhase section */
		2080524F241C73D300FE01B7 /* Resources */ = {
			isa = PBXResourcesBuildPhase;
			buildActionMask = 2147483647;
			files = (
				20805261241C73D500FE01B7 /* LaunchScreen.storyboard in Resources */,
				2080525E241C73D500FE01B7 /* Assets.xcassets in Resources */,
				2080525C241C73D300FE01B7 /* Main.storyboard in Resources */,
			);
			runOnlyForDeploymentPostprocessing = 0;
		};
		20805265241C73D500FE01B7 /* Resources */ = {
			isa = PBXResourcesBuildPhase;
			buildActionMask = 2147483647;
			files = (
			);
			runOnlyForDeploymentPostprocessing = 0;
		};
		20805270241C73D500FE01B7 /* Resources */ = {
			isa = PBXResourcesBuildPhase;
			buildActionMask = 2147483647;
			files = (
			);
			runOnlyForDeploymentPostprocessing = 0;
		};
/* End PBXResourcesBuildPhase section */

/* Begin PBXSourcesBuildPhase section */
		2080524D241C73D300FE01B7 /* Sources */ = {
			isa = PBXSourcesBuildPhase;
			buildActionMask = 2147483647;
			files = (
				20805259241C73D300FE01B7 /* ViewController.swift in Sources */,
				20805255241C73D300FE01B7 /* AppDelegate.swift in Sources */,
				20805257241C73D300FE01B7 /* SceneDelegate.swift in Sources */,
			);
			runOnlyForDeploymentPostprocessing = 0;
		};
		20805263241C73D500FE01B7 /* Sources */ = {
			isa = PBXSourcesBuildPhase;
			buildActionMask = 2147483647;
			files = (
				2080526C241C73D500FE01B7 /* ParstagramTests.swift in Sources */,
			);
			runOnlyForDeploymentPostprocessing = 0;
		};
		2080526E241C73D500FE01B7 /* Sources */ = {
			isa = PBXSourcesBuildPhase;
			buildActionMask = 2147483647;
			files = (
				20805277241C73D500FE01B7 /* ParstagramUITests.swift in Sources */,
			);
			runOnlyForDeploymentPostprocessing = 0;
		};
/* End PBXSourcesBuildPhase section */

/* Begin PBXTargetDependency section */
		20805269241C73D500FE01B7 /* PBXTargetDependency */ = {
			isa = PBXTargetDependency;
			target = 20805250241C73D300FE01B7 /* Parstagram */;
			targetProxy = 20805268241C73D500FE01B7 /* PBXContainerItemProxy */;
		};
		20805274241C73D500FE01B7 /* PBXTargetDependency */ = {
			isa = PBXTargetDependency;
			target = 20805250241C73D300FE01B7 /* Parstagram */;
			targetProxy = 20805273241C73D500FE01B7 /* PBXContainerItemProxy */;
		};
/* End PBXTargetDependency section */

/* Begin PBXVariantGroup section */
		2080525A241C73D300FE01B7 /* Main.storyboard */ = {
			isa = PBXVariantGroup;
			children = (
				2080525B241C73D300FE01B7 /* Base */,
			);
			name = Main.storyboard;
			sourceTree = "<group>";
		};
		2080525F241C73D500FE01B7 /* LaunchScreen.storyboard */ = {
			isa = PBXVariantGroup;
			children = (
				20805260241C73D500FE01B7 /* Base */,
			);
			name = LaunchScreen.storyboard;
			sourceTree = "<group>";
		};
/* End PBXVariantGroup section */

/* Begin XCBuildConfiguration section */
		20805279241C73D500FE01B7 /* Debug */ = {
			isa = XCBuildConfiguration;
			buildSettings = {
				ALWAYS_SEARCH_USER_PATHS = NO;
				CLANG_ANALYZER_NONNULL = YES;
				CLANG_ANALYZER_NUMBER_OBJECT_CONVERSION = YES_AGGRESSIVE;
				CLANG_CXX_LANGUAGE_STANDARD = "gnu++14";
				CLANG_CXX_LIBRARY = "libc++";
				CLANG_ENABLE_MODULES = YES;
				CLANG_ENABLE_OBJC_ARC = YES;
				CLANG_ENABLE_OBJC_WEAK = YES;
				CLANG_WARN_BLOCK_CAPTURE_AUTORELEASING = YES;
				CLANG_WARN_BOOL_CONVERSION = YES;
				CLANG_WARN_COMMA = YES;
				CLANG_WARN_CONSTANT_CONVERSION = YES;
				CLANG_WARN_DEPRECATED_OBJC_IMPLEMENTATIONS = YES;
				CLANG_WARN_DIRECT_OBJC_ISA_USAGE = YES_ERROR;
				CLANG_WARN_DOCUMENTATION_COMMENTS = YES;
				CLANG_WARN_EMPTY_BODY = YES;
				CLANG_WARN_ENUM_CONVERSION = YES;
				CLANG_WARN_INFINITE_RECURSION = YES;
				CLANG_WARN_INT_CONVERSION = YES;
				CLANG_WARN_NON_LITERAL_NULL_CONVERSION = YES;
				CLANG_WARN_OBJC_IMPLICIT_RETAIN_SELF = YES;
				CLANG_WARN_OBJC_LITERAL_CONVERSION = YES;
				CLANG_WARN_OBJC_ROOT_CLASS = YES_ERROR;
				CLANG_WARN_RANGE_LOOP_ANALYSIS = YES;
				CLANG_WARN_STRICT_PROTOTYPES = YES;
				CLANG_WARN_SUSPICIOUS_MOVE = YES;
				CLANG_WARN_UNGUARDED_AVAILABILITY = YES_AGGRESSIVE;
				CLANG_WARN_UNREACHABLE_CODE = YES;
				CLANG_WARN__DUPLICATE_METHOD_MATCH = YES;
				COPY_PHASE_STRIP = NO;
				DEBUG_INFORMATION_FORMAT = dwarf;
				ENABLE_STRICT_OBJC_MSGSEND = YES;
				ENABLE_TESTABILITY = YES;
				GCC_C_LANGUAGE_STANDARD = gnu11;
				GCC_DYNAMIC_NO_PIC = NO;
				GCC_NO_COMMON_BLOCKS = YES;
				GCC_OPTIMIZATION_LEVEL = 0;
				GCC_PREPROCESSOR_DEFINITIONS = (
					"DEBUG=1",
					"$(inherited)",
				);
				GCC_WARN_64_TO_32_BIT_CONVERSION = YES;
				GCC_WARN_ABOUT_RETURN_TYPE = YES_ERROR;
				GCC_WARN_UNDECLARED_SELECTOR = YES;
				GCC_WARN_UNINITIALIZED_AUTOS = YES_AGGRESSIVE;
				GCC_WARN_UNUSED_FUNCTION = YES;
				GCC_WARN_UNUSED_VARIABLE = YES;
				IPHONEOS_DEPLOYMENT_TARGET = 13.2;
				MTL_ENABLE_DEBUG_INFO = INCLUDE_SOURCE;
				MTL_FAST_MATH = YES;
				ONLY_ACTIVE_ARCH = YES;
				SDKROOT = iphoneos;
				SWIFT_ACTIVE_COMPILATION_CONDITIONS = DEBUG;
				SWIFT_OPTIMIZATION_LEVEL = "-Onone";
			};
			name = Debug;
		};
		2080527A241C73D500FE01B7 /* Release */ = {
			isa = XCBuildConfiguration;
			buildSettings = {
				ALWAYS_SEARCH_USER_PATHS = NO;
				CLANG_ANALYZER_NONNULL = YES;
				CLANG_ANALYZER_NUMBER_OBJECT_CONVERSION = YES_AGGRESSIVE;
				CLANG_CXX_LANGUAGE_STANDARD = "gnu++14";
				CLANG_CXX_LIBRARY = "libc++";
				CLANG_ENABLE_MODULES = YES;
				CLANG_ENABLE_OBJC_ARC = YES;
				CLANG_ENABLE_OBJC_WEAK = YES;
				CLANG_WARN_BLOCK_CAPTURE_AUTORELEASING = YES;
				CLANG_WARN_BOOL_CONVERSION = YES;
				CLANG_WARN_COMMA = YES;
				CLANG_WARN_CONSTANT_CONVERSION = YES;
				CLANG_WARN_DEPRECATED_OBJC_IMPLEMENTATIONS = YES;
				CLANG_WARN_DIRECT_OBJC_ISA_USAGE = YES_ERROR;
				CLANG_WARN_DOCUMENTATION_COMMENTS = YES;
				CLANG_WARN_EMPTY_BODY = YES;
				CLANG_WARN_ENUM_CONVERSION = YES;
				CLANG_WARN_INFINITE_RECURSION = YES;
				CLANG_WARN_INT_CONVERSION = YES;
				CLANG_WARN_NON_LITERAL_NULL_CONVERSION = YES;
				CLANG_WARN_OBJC_IMPLICIT_RETAIN_SELF = YES;
				CLANG_WARN_OBJC_LITERAL_CONVERSION = YES;
				CLANG_WARN_OBJC_ROOT_CLASS = YES_ERROR;
				CLANG_WARN_RANGE_LOOP_ANALYSIS = YES;
				CLANG_WARN_STRICT_PROTOTYPES = YES;
				CLANG_WARN_SUSPICIOUS_MOVE = YES;
				CLANG_WARN_UNGUARDED_AVAILABILITY = YES_AGGRESSIVE;
				CLANG_WARN_UNREACHABLE_CODE = YES;
				CLANG_WARN__DUPLICATE_METHOD_MATCH = YES;
				COPY_PHASE_STRIP = NO;
				DEBUG_INFORMATION_FORMAT = "dwarf-with-dsym";
				ENABLE_NS_ASSERTIONS = NO;
				ENABLE_STRICT_OBJC_MSGSEND = YES;
				GCC_C_LANGUAGE_STANDARD = gnu11;
				GCC_NO_COMMON_BLOCKS = YES;
				GCC_WARN_64_TO_32_BIT_CONVERSION = YES;
				GCC_WARN_ABOUT_RETURN_TYPE = YES_ERROR;
				GCC_WARN_UNDECLARED_SELECTOR = YES;
				GCC_WARN_UNINITIALIZED_AUTOS = YES_AGGRESSIVE;
				GCC_WARN_UNUSED_FUNCTION = YES;
				GCC_WARN_UNUSED_VARIABLE = YES;
				IPHONEOS_DEPLOYMENT_TARGET = 13.2;
				MTL_ENABLE_DEBUG_INFO = NO;
				MTL_FAST_MATH = YES;
				SDKROOT = iphoneos;
				SWIFT_COMPILATION_MODE = wholemodule;
				SWIFT_OPTIMIZATION_LEVEL = "-O";
				VALIDATE_PRODUCT = YES;
			};
			name = Release;
		};
		2080527C241C73D500FE01B7 /* Debug */ = {
			isa = XCBuildConfiguration;
			buildSettings = {
				ASSETCATALOG_COMPILER_APPICON_NAME = AppIcon;
				CODE_SIGN_STYLE = Automatic;
				INFOPLIST_FILE = Parstagram/Info.plist;
				LD_RUNPATH_SEARCH_PATHS = (
					"$(inherited)",
					"@executable_path/Frameworks",
				);
				PRODUCT_BUNDLE_IDENTIFIER = yiheng.Parstagram;
				PRODUCT_NAME = "$(TARGET_NAME)";
				SWIFT_VERSION = 5.0;
				TARGETED_DEVICE_FAMILY = "1,2";
			};
			name = Debug;
		};
		2080527D241C73D500FE01B7 /* Release */ = {
			isa = XCBuildConfiguration;
			buildSettings = {
				ASSETCATALOG_COMPILER_APPICON_NAME = AppIcon;
				CODE_SIGN_STYLE = Automatic;
				INFOPLIST_FILE = Parstagram/Info.plist;
				LD_RUNPATH_SEARCH_PATHS = (
					"$(inherited)",
					"@executable_path/Frameworks",
				);
				PRODUCT_BUNDLE_IDENTIFIER = yiheng.Parstagram;
				PRODUCT_NAME = "$(TARGET_NAME)";
				SWIFT_VERSION = 5.0;
				TARGETED_DEVICE_FAMILY = "1,2";
			};
			name = Release;
		};
		2080527F241C73D500FE01B7 /* Debug */ = {
			isa = XCBuildConfiguration;
			buildSettings = {
				ALWAYS_EMBED_SWIFT_STANDARD_LIBRARIES = YES;
				BUNDLE_LOADER = "$(TEST_HOST)";
				CODE_SIGN_STYLE = Automatic;
				INFOPLIST_FILE = ParstagramTests/Info.plist;
				IPHONEOS_DEPLOYMENT_TARGET = 13.2;
				LD_RUNPATH_SEARCH_PATHS = (
					"$(inherited)",
					"@executable_path/Frameworks",
					"@loader_path/Frameworks",
				);
				PRODUCT_BUNDLE_IDENTIFIER = yiheng.ParstagramTests;
				PRODUCT_NAME = "$(TARGET_NAME)";
				SWIFT_VERSION = 5.0;
				TARGETED_DEVICE_FAMILY = "1,2";
				TEST_HOST = "$(BUILT_PRODUCTS_DIR)/Parstagram.app/Parstagram";
			};
			name = Debug;
		};
		20805280241C73D500FE01B7 /* Release */ = {
			isa = XCBuildConfiguration;
			buildSettings = {
				ALWAYS_EMBED_SWIFT_STANDARD_LIBRARIES = YES;
				BUNDLE_LOADER = "$(TEST_HOST)";
				CODE_SIGN_STYLE = Automatic;
				INFOPLIST_FILE = ParstagramTests/Info.plist;
				IPHONEOS_DEPLOYMENT_TARGET = 13.2;
				LD_RUNPATH_SEARCH_PATHS = (
					"$(inherited)",
					"@executable_path/Frameworks",
					"@loader_path/Frameworks",
				);
				PRODUCT_BUNDLE_IDENTIFIER = yiheng.ParstagramTests;
				PRODUCT_NAME = "$(TARGET_NAME)";
				SWIFT_VERSION = 5.0;
				TARGETED_DEVICE_FAMILY = "1,2";
				TEST_HOST = "$(BUILT_PRODUCTS_DIR)/Parstagram.app/Parstagram";
			};
			name = Release;
		};
		20805282241C73D500FE01B7 /* Debug */ = {
			isa = XCBuildConfiguration;
			buildSettings = {
				ALWAYS_EMBED_SWIFT_STANDARD_LIBRARIES = YES;
				CODE_SIGN_STYLE = Automatic;
				INFOPLIST_FILE = ParstagramUITests/Info.plist;
				LD_RUNPATH_SEARCH_PATHS = (
					"$(inherited)",
					"@executable_path/Frameworks",
					"@loader_path/Frameworks",
				);
				PRODUCT_BUNDLE_IDENTIFIER = yiheng.ParstagramUITests;
				PRODUCT_NAME = "$(TARGET_NAME)";
				SWIFT_VERSION = 5.0;
				TARGETED_DEVICE_FAMILY = "1,2";
				TEST_TARGET_NAME = Parstagram;
			};
			name = Debug;
		};
		20805283241C73D500FE01B7 /* Release */ = {
			isa = XCBuildConfiguration;
			buildSettings = {
				ALWAYS_EMBED_SWIFT_STANDARD_LIBRARIES = YES;
				CODE_SIGN_STYLE = Automatic;
				INFOPLIST_FILE = ParstagramUITests/Info.plist;
				LD_RUNPATH_SEARCH_PATHS = (
					"$(inherited)",
					"@executable_path/Frameworks",
					"@loader_path/Frameworks",
				);
				PRODUCT_BUNDLE_IDENTIFIER = yiheng.ParstagramUITests;
				PRODUCT_NAME = "$(TARGET_NAME)";
				SWIFT_VERSION = 5.0;
				TARGETED_DEVICE_FAMILY = "1,2";
				TEST_TARGET_NAME = Parstagram;
			};
			name = Release;
		};
/* End XCBuildConfiguration section */

/* Begin XCConfigurationList section */
		2080524C241C73D300FE01B7 /* Build configuration list for PBXProject "Parstagram" */ = {
			isa = XCConfigurationList;
			buildConfigurations = (
				20805279241C73D500FE01B7 /* Debug */,
				2080527A241C73D500FE01B7 /* Release */,
			);
			defaultConfigurationIsVisible = 0;
			defaultConfigurationName = Release;
		};
		2080527B241C73D500FE01B7 /* Build configuration list for PBXNativeTarget "Parstagram" */ = {
			isa = XCConfigurationList;
			buildConfigurations = (
				2080527C241C73D500FE01B7 /* Debug */,
				2080527D241C73D500FE01B7 /* Release */,
			);
			defaultConfigurationIsVisible = 0;
			defaultConfigurationName = Release;
		};
		2080527E241C73D500FE01B7 /* Build configuration list for PBXNativeTarget "ParstagramTests" */ = {
			isa = XCConfigurationList;
			buildConfigurations = (
				2080527F241C73D500FE01B7 /* Debug */,
				20805280241C73D500FE01B7 /* Release */,
			);
			defaultConfigurationIsVisible = 0;
			defaultConfigurationName = Release;
		};
		20805281241C73D500FE01B7 /* Build configuration list for PBXNativeTarget "ParstagramUITests" */ = {
			isa = XCConfigurationList;
			buildConfigurations = (
				20805282241C73D500FE01B7 /* Debug */,
				20805283241C73D500FE01B7 /* Release */,
			);
			defaultConfigurationIsVisible = 0;
			defaultConfigurationName = Release;
		};
/* End XCConfigurationList section */
	};
	rootObject = 20805249241C73D300FE01B7 /* Project object */;
}
